
Microsoft Visual Studio Solution File, Format Version 12.00
# Visual Studio Version 17
VisualStudioVersion = 17.14.36915.13 d17.14
MinimumVisualStudioVersion = 10.0.40219.1
Project("{FAE04EC0-301F-11D3-BF4B-00C04F79EFBC}") = "SpotifyOverlay", "SpotifyOverlay.csproj", "{C5BA9587-56F8-4413-8E09-1689B2621F2A}"
EndProject
Global
	GlobalSection(SolutionConfigurationPlatforms) = preSolution
		Debug|Any CPU = Debug|Any CPU
		Release|Any CPU = Release|Any CPU
	EndGlobalSection
	GlobalSection(ProjectConfigurationPlatforms) = postSolution
		{C5BA9587-56F8-4413-8E09-1689B2621F2A}.Debug|Any CPU.ActiveCfg = Debug|Any CPU
		{C5BA9587-56F8-4413-8E09-1689B2621F2A}.Debug|Any CPU.Build.0 = Debug|Any CPU
		{C5BA9587-56F8-4413-8E09-1689B2621F2A}.Release|Any CPU.ActiveCfg = Release|Any CPU
		{C5BA9587-56F8-4413-8E09-1689B2621F2A}.Release|Any CPU.Build.0 = Release|Any CPU
	EndGlobalSection
	GlobalSection(SolutionProperties) = preSolution
		HideSolutionNode = FALSE
	EndGlobalSection
	GlobalSection(ExtensibilityGlobals) = postSolution
		SolutionGuid = {60857725-622B-4445-AEEC-C8F5387749C1}
	EndGlobalSection
EndGlobal
